<?xml version="1.0" encoding="utf-8"?>
<Project ToolsVersion="4.0" xmlns="http://schemas.microsoft.com/developer/msbuild/2003">
  <ItemGroup>
    <Filter Include="Source Files">
      <UniqueIdentifier>{4FC737F1-C7A5-4376-A066-2A32D752A2FF}</UniqueIdentifier>
      <Extensions>cpp;c;cc;cxx;def;odl;idl;hpj;bat;asm;asmx</Extensions>
    </Filter>
    <Filter Include="Header Files">
      <UniqueIdentifier>{93995380-89BD-4b04-88EB-625FBE52EBFB}</UniqueIdentifier>
      <Extensions>h;hh;hpp;hxx;hm;inl;inc;xsd</Extensions>
    </Filter>
    <Filter Include="Resource Files">
      <UniqueIdentifier>{67DA6AB6-F800-4c08-8B7A-83BB121AAD01}</UniqueIdentifier>
      <Extensions>rc;ico;cur;bmp;dlg;rc2;rct;bin;rgs;gif;jpg;jpeg;jpe;resx;tiff;tif;png;wav</Extensions>
    </Filter>
  </ItemGroup>
  <ItemGroup>
    <ClCompile Include="ctests\CTests.cpp">
      <Filter>Source Files</Filter>
    </ClCompile>
    <ClCompile Include="ctests\pch.cpp">
      <Filter>Source Files</Filter>
    </ClCompile>
    <ClCompile Include="dialib\DiaSymbolMaster.cpp">
      <Filter>Source Files</Filter>
    </ClCompile>
    <ClCompile Include="dialib\DiaSymbolPrint.cpp">
      <Filter>Source Files</Filter>
    </ClCompile>
    <ClCompile Include="dialib\src\DataMember.cpp">
      <Filter>Source Files</Filter>
    </ClCompile>
    <ClCompile Include="dialib\src\DiaDataSource.cpp">
      <Filter>Source Files</Filter>
    </ClCompile>
    <ClCompile Include="dialib\src\DiaStruct.cpp">
      <Filter>Source Files</Filter>
    </ClCompile>
    <ClCompile Include="dialib\src\DiaSymbol.cpp">
      <Filter>Source Files</Filter>
    </ClCompile>
    <ClCompile Include="dialib\src\DiaSymbolFuncs.cpp">
      <Filter>Source Files</Filter>
    </ClCompile>
    <ClCompile Include="dialib\src\DiaTypeResolution.cpp">
      <Filter>Source Files</Filter>
    </ClCompile>
    <ClCompile Include="dialib\src\DiaUnion.cpp">
      <Filter>Source Files</Filter>
    </ClCompile>
    <ClCompile Include="dialib\src\DiaUserDefinedTypeWrapper.cpp">
      <Filter>Source Files</Filter>
    </ClCompile>
    <ClCompile Include="dialib\src\diasymboltypes\DiaHash.cpp">
      <Filter>Source Files</Filter>
    </ClCompile>
    <ClCompile Include="dialib\src\diasymboltypes\DiaSymbolPrint.cpp">
      <Filter>Source Files</Filter>
    </ClCompile>
    <ClCompile Include="dialib\src\utils\BstrWrapper.cpp">
      <Filter>Source Files</Filter>
    </ClCompile>
    <ClCompile Include="dialib\src\utils\SymbolPathHelper.cpp">
      <Filter>Source Files</Filter>
    </ClCompile>
    <ClCompile Include="pydia\pydiamodule.cpp">
      <Filter>Source Files</Filter>
    </ClCompile>
    <ClCompile Include="pydia\pydia_data_source.cpp">
      <Filter>Source Files</Filter>
    </ClCompile>
    <ClCompile Include="pydia\pydia_symbol.cpp">
      <Filter>Source Files</Filter>
    </ClCompile>
  </ItemGroup>
  <ItemGroup>
    <ClInclude Include="ctests\pch.h">
      <Filter>Header Files</Filter>
    </ClInclude>
    <ClInclude Include="dialib\diasymbolprint.h">
      <Filter>Header Files</Filter>
    </ClInclude>
    <ClInclude Include="dialib\src\DataMember.h">
      <Filter>Header Files</Filter>
    </ClInclude>
    <ClInclude Include="dialib\src\DiaDataSource.h">
      <Filter>Header Files</Filter>
    </ClInclude>
    <ClInclude Include="dialib\src\DiaPrint.h">
      <Filter>Header Files</Filter>
    </ClInclude>
    <ClInclude Include="dialib\src\DiaStruct.h">
      <Filter>Header Files</Filter>
    </ClInclude>
    <ClInclude Include="dialib\src\DiaSymbol.h">
      <Filter>Header Files</Filter>
    </ClInclude>
    <ClInclude Include="dialib\src\DiaSymbolEnumerator.h">
      <Filter>Header Files</Filter>
    </ClInclude>
    <ClInclude Include="dialib\src\DiaSymbolFuncs.h">
      <Filter>Header Files</Filter>
    </ClInclude>
    <ClInclude Include="dialib\src\DiaTypeResolution.h">
      <Filter>Header Files</Filter>
    </ClInclude>
    <ClInclude Include="dialib\src\DiaUnion.h">
      <Filter>Header Files</Filter>
    </ClInclude>
    <ClInclude Include="dialib\src\DiaUserDefinedTypeWrapper.h">
      <Filter>Header Files</Filter>
    </ClInclude>
    <ClInclude Include="dialib\src\diasymboltypes\DiaArray.h">
      <Filter>Header Files</Filter>
    </ClInclude>
    <ClInclude Include="dialib\src\diasymboltypes\DiaData.h">
      <Filter>Header Files</Filter>
    </ClInclude>
    <ClInclude Include="dialib\src\diasymboltypes\DiaExe.h">
      <Filter>Header Files</Filter>
    </ClInclude>
    <ClInclude Include="dialib\src\diasymboltypes\DiaFunction.h">
      <Filter>Header Files</Filter>
    </ClInclude>
    <ClInclude Include="dialib\src\diasymboltypes\DiaFunctionArgType.h">
      <Filter>Header Files</Filter>
    </ClInclude>
    <ClInclude Include="dialib\src\diasymboltypes\DiaFunctionType.h">
      <Filter>Header Files</Filter>
    </ClInclude>
    <ClInclude Include="dialib\src\diasymboltypes\DiaNull.h">
      <Filter>Header Files</Filter>
    </ClInclude>
    <ClInclude Include="dialib\src\diasymboltypes\DiaPointer.h">
      <Filter>Header Files</Filter>
    </ClInclude>
    <ClInclude Include="dialib\src\diasymboltypes\DiaSymbolPrint.h">
      <Filter>Header Files</Filter>
    </ClInclude>
    <ClInclude Include="dialib\src\diasymboltypes\DiaSymbolTypes.h">
      <Filter>Header Files</Filter>
    </ClInclude>
    <ClInclude Include="dialib\src\diasymboltypes\DiaUDT.h">
      <Filter>Header Files</Filter>
    </ClInclude>
    <ClInclude Include="dialib\src\utils\BstrWrapper.h">
      <Filter>Header Files</Filter>
    </ClInclude>
    <ClInclude Include="dialib\src\utils\ComWrapper.h">
      <Filter>Header Files</Filter>
    </ClInclude>
    <ClInclude Include="dialib\src\utils\Exceptions.h">
      <Filter>Header Files</Filter>
    </ClInclude>
    <ClInclude Include="dialib\src\utils\Hashing.h">
      <Filter>Header Files</Filter>
    </ClInclude>
    <ClInclude Include="dialib\src\utils\SymbolPathHelper.h">
      <Filter>Header Files</Filter>
    </ClInclude>
    <ClInclude Include="pydia\pydia.h">
      <Filter>Header Files</Filter>
    </ClInclude>
    <ClInclude Include="pydia\pydia_datasource.h">
      <Filter>Header Files</Filter>
    </ClInclude>
    <ClInclude Include="pydia\pydia_exceptions.h">
      <Filter>Header Files</Filter>
    </ClInclude>
    <ClInclude Include="pydia\pydia_register_classes.h">
      <Filter>Header Files</Filter>
    </ClInclude>
    <ClInclude Include="pydia\pydia_symbol.h">
      <Filter>Header Files</Filter>
    </ClInclude>
  </ItemGroup>
</Project>