<?xml version="1.0" encoding="utf-8"?>
<Project ToolsVersion="4.0" xmlns="http://schemas.microsoft.com/developer/msbuild/2003">
  <ItemGroup>
    <Filter Include="Source Files">
      <UniqueIdentifier>{4FC737F1-C7A5-4376-A066-2A32D752A2FF}</UniqueIdentifier>
      <Extensions>cpp;c;cc;cxx;c++;cppm;ixx;def;odl;idl;hpj;bat;asm;asmx</Extensions>
    </Filter>
    <Filter Include="Header Files">
      <UniqueIdentifier>{93995380-89BD-4b04-88EB-625FBE52EBFB}</UniqueIdentifier>
      <Extensions>h;hh;hpp;hxx;h++;hm;inl;inc;ipp;xsd</Extensions>
    </Filter>
    <Filter Include="Resource Files">
      <UniqueIdentifier>{67DA6AB6-F800-4c08-8B7A-83BB121AAD01}</UniqueIdentifier>
      <Extensions>rc;ico;cur;bmp;dlg;rc2;rct;bin;rgs;gif;jpg;jpeg;jpe;resx;tiff;tif;png;wav;mfcribbon-ms</Extensions>
    </Filter>
    <Filter Include="Header Files\DiaSymbolTypes">
      <UniqueIdentifier>{099eeecc-afca-4e71-bbe3-a1977558adf9}</UniqueIdentifier>
    </Filter>
  </ItemGroup>
  <ItemGroup>
    <ClCompile Include="DiaSymbolMaster.cpp">
      <Filter>Source Files</Filter>
    </ClCompile>
    <ClCompile Include="src/DiaDataSource.cpp">
      <Filter>Source Files</Filter>
    </ClCompile>
    <ClCompile Include="src/DiaStruct.cpp">
      <Filter>Source Files</Filter>
    </ClCompile>
    <ClCompile Include="src/DiaSymbol.cpp">
      <Filter>Source Files</Filter>
    </ClCompile>
    <ClCompile Include="src/TypeResolution.cpp">
      <Filter>Source Files</Filter>
    </ClCompile>
    <ClCompile Include="src/UserDefinedType.cpp">
      <Filter>Source Files</Filter>
    </ClCompile>
    <ClCompile Include="src/Union.cpp">
      <Filter>Source Files</Filter>
    </ClCompile>
    <ClCompile Include="src/DataMember.cpp">
      <Filter>Source Files</Filter>
    </ClCompile>
    <ClCompile Include="src/BstrWrapper.cpp">
      <Filter>Source Files</Filter>
    </ClCompile>
    <ClCompile Include="src/DiaSymbolFuncs.cpp">
      <Filter>Source Files</Filter>
    </ClCompile>
    <ClCompile Include="src/DiaSymbolTypes/DiaHash.cpp">
      <Filter>Header Files\DiaSymbolTypes</Filter>
    </ClCompile>
  </ItemGroup>
  <ItemGroup>
    <ClInclude Include="src/DiaDataSource.h">
      <Filter>Header Files</Filter>
    </ClInclude>
    <ClInclude Include="src/Exceptions.h">
      <Filter>Header Files</Filter>
    </ClInclude>
    <ClInclude Include="src/DiaStruct.h">
      <Filter>Header Files</Filter>
    </ClInclude>
    <ClInclude Include="src/DiaSymbol.h">
      <Filter>Header Files</Filter>
    </ClInclude>
    <ClInclude Include="src/BstrWrapper.h">
      <Filter>Header Files</Filter>
    </ClInclude>
    <ClInclude Include="src/DiaSymbolEnumerator.h">
      <Filter>Header Files</Filter>
    </ClInclude>
    <ClInclude Include="src/Base.h">
      <Filter>Header Files</Filter>
    </ClInclude>
    <ClInclude Include="src/hashing.h">
      <Filter>Header Files</Filter>
    </ClInclude>
    <ClInclude Include="src/UserDefinedType.h">
      <Filter>Header Files</Filter>
    </ClInclude>
    <ClInclude Include="src/TypeResolution.h">
      <Filter>Header Files</Filter>
    </ClInclude>
    <ClInclude Include="src/Union.h">
      <Filter>Header Files</Filter>
    </ClInclude>
    <ClInclude Include="src/DataMember.h">
      <Filter>Header Files</Filter>
    </ClInclude>
    <ClInclude Include="src/DiaSymbolTypes/DiaSymbolTypes.h">
      <Filter>Header Files\DiaSymbolTypes</Filter>
    </ClInclude>
    <ClInclude Include="src/DiaSymbolTypes/DiaNull.h">
      <Filter>Header Files\DiaSymbolTypes</Filter>
    </ClInclude>
    <ClInclude Include="src/DiaSymbolTypes/DiaExe.h">
      <Filter>Header Files\DiaSymbolTypes</Filter>
    </ClInclude>
    <ClInclude Include="src/DiaSymbolTypes/DiaFunction.h">
      <Filter>Header Files\DiaSymbolTypes</Filter>
    </ClInclude>
    <ClInclude Include="src/DiaSymbolTypes/DiaData.h">
      <Filter>Header Files\DiaSymbolTypes</Filter>
    </ClInclude>
    <ClInclude Include="src/DiaPrint.h">
      <Filter>Header Files</Filter>
    </ClInclude>
    <ClInclude Include="src/DiaSymbolTypes/DiaPointer.h">
      <Filter>Header Files\DiaSymbolTypes</Filter>
    </ClInclude>
    <ClInclude Include="src/DiaSymbolTypes/DiaArray.h">
      <Filter>Header Files\DiaSymbolTypes</Filter>
    </ClInclude>
    <ClInclude Include="src/DiaSymbolFuncs.h">
      <Filter>Header Files</Filter>
    </ClInclude>
    <ClInclude Include="src/DiaUDT.h">
      <Filter>Header Files</Filter>
    </ClInclude>
  </ItemGroup>
  <ItemGroup>
    <None Include=".clang-format" />
    <None Include="cpp.hint" />
  </ItemGroup>
</Project>